
Microsoft Visual Studio Solution File, Format Version 12.00
# Visual Studio Version 17
VisualStudioVersion = 17.5.33530.505
MinimumVisualStudioVersion = 10.0.40219.1
Project("{FAE04EC0-301F-11D3-BF4B-00C04F79EFBC}") = "ReverseNumber", "ReverseNumber\ReverseNumber.csproj", "{589AE72D-5928-43F0-8105-8A8CEB600C99}"
EndProject
Global
	GlobalSection(SolutionConfigurationPlatforms) = preSolution
		Debug|Any CPU = Debug|Any CPU
		Release|Any CPU = Release|Any CPU
	EndGlobalSection
	GlobalSection(ProjectConfigurationPlatforms) = postSolution
		{589AE72D-5928-43F0-8105-8A8CEB600C99}.Debug|Any CPU.ActiveCfg = Debug|Any CPU
		{589AE72D-5928-43F0-8105-8A8CEB600C99}.Debug|Any CPU.Build.0 = Debug|Any CPU
		{589AE72D-5928-43F0-8105-8A8CEB600C99}.Release|Any CPU.ActiveCfg = Release|Any CPU
		{589AE72D-5928-43F0-8105-8A8CEB600C99}.Release|Any CPU.Build.0 = Release|Any CPU
	EndGlobalSection
	GlobalSection(SolutionProperties) = preSolution
		HideSolutionNode = FALSE
	EndGlobalSection
	GlobalSection(ExtensibilityGlobals) = postSolution
		SolutionGuid = {5EA1D418-02EF-438A-B7FE-0188A3A8C2EA}
	EndGlobalSection
EndGlobal
